
Microsoft Visual Studio Solution File, Format Version 12.00
# Visual Studio 14
VisualStudioVersion = 14.0.22609.0
MinimumVisualStudioVersion = 10.0.40219.1
Project("{2150E333-8FDC-42A3-9474-1A3956D46DE8}") = ".nuget", ".nuget", "{64A266F1-8387-4B9D-B594-FB6E84F1510A}"
	ProjectSection(SolutionItems) = preProject
		.nuget\NuGet.Config = .nuget\NuGet.Config
		.nuget\NuGet.exe = .nuget\NuGet.exe
		.nuget\NuGet.targets = .nuget\NuGet.targets
	EndProjectSection
EndProject
Project("{2150E333-8FDC-42A3-9474-1A3956D46DE8}") = "Misc stuff", "Misc stuff", "{DDB064E1-9601-4ACB-A573-D4DD018018E8}"
	ProjectSection(SolutionItems) = preProject
		deploy.bat = deploy.bat
		deploy.proj = deploy.proj
		elmah.sql = elmah.sql
		README.md = README.md
		schema.sql = schema.sql
	EndProjectSection
EndProject
Project("{2150E333-8FDC-42A3-9474-1A3956D46DE8}") = "Tests", "Tests", "{C2D6C6B7-7471-4F56-AB46-ADC276AD6559}"
EndProject
Project("{FAE04EC0-301F-11D3-BF4B-00C04F79EFBC}") = "Daniel15.Web", "Daniel15.Web\Daniel15.Web.csproj", "{ECAA4A47-F98D-4BA1-83BA-AA5172C07FB5}"
EndProject
Project("{FAE04EC0-301F-11D3-BF4B-00C04F79EFBC}") = "Daniel15.Web.Tests", "Daniel15.Web.Tests\Daniel15.Web.Tests.csproj", "{9978BCD0-840A-4BC0-936C-B6BE508F7338}"
EndProject
Project("{FAE04EC0-301F-11D3-BF4B-00C04F79EFBC}") = "Daniel15.Data", "Daniel15.Data\Daniel15.Data.csproj", "{3F58E67D-1C33-4670-9780-F9CA1F43E83F}"
EndProject
Project("{FAE04EC0-301F-11D3-BF4B-00C04F79EFBC}") = "Daniel15.Shared", "Daniel15.Shared\Daniel15.Shared.csproj", "{F38B83AD-77EB-43D8-A076-43D68FE409BB}"
EndProject
Project("{FAE04EC0-301F-11D3-BF4B-00C04F79EFBC}") = "Daniel15.Infrastructure", "Daniel15.Infrastructure\Daniel15.Infrastructure.csproj", "{3735A312-3F49-4565-A4EC-2A7A41D2086E}"
EndProject
Project("{FAE04EC0-301F-11D3-BF4B-00C04F79EFBC}") = "Daniel15.BusinessLayer", "Daniel15.BusinessLayer\Daniel15.BusinessLayer.csproj", "{BFF0CA23-1DD2-431B-BFD0-DD2D492B575F}"
EndProject
Project("{FAE04EC0-301F-11D3-BF4B-00C04F79EFBC}") = "Daniel15.Cron", "Daniel15.Cron\Daniel15.Cron.csproj", "{AACD8BA6-46CF-4985-83F4-2ABAE881DC0C}"
EndProject
Global
	GlobalSection(SolutionConfigurationPlatforms) = preSolution
		Debug|Any CPU = Debug|Any CPU
		Debug|Mixed Platforms = Debug|Mixed Platforms
		Debug|x86 = Debug|x86
		Release|Any CPU = Release|Any CPU
		Release|Mixed Platforms = Release|Mixed Platforms
		Release|x86 = Release|x86
	EndGlobalSection
	GlobalSection(ProjectConfigurationPlatforms) = postSolution
		{ECAA4A47-F98D-4BA1-83BA-AA5172C07FB5}.Debug|Any CPU.ActiveCfg = Debug|Any CPU
		{ECAA4A47-F98D-4BA1-83BA-AA5172C07FB5}.Debug|Any CPU.Build.0 = Debug|Any CPU
		{ECAA4A47-F98D-4BA1-83BA-AA5172C07FB5}.Debug|Mixed Platforms.ActiveCfg = Debug|Any CPU
		{ECAA4A47-F98D-4BA1-83BA-AA5172C07FB5}.Debug|Mixed Platforms.Build.0 = Debug|Any CPU
		{ECAA4A47-F98D-4BA1-83BA-AA5172C07FB5}.Debug|x86.ActiveCfg = Debug|Any CPU
		{ECAA4A47-F98D-4BA1-83BA-AA5172C07FB5}.Release|Any CPU.ActiveCfg = Release|Any CPU
		{ECAA4A47-F98D-4BA1-83BA-AA5172C07FB5}.Release|Any CPU.Build.0 = Release|Any CPU
		{ECAA4A47-F98D-4BA1-83BA-AA5172C07FB5}.Release|Mixed Platforms.ActiveCfg = Release|Any CPU
		{ECAA4A47-F98D-4BA1-83BA-AA5172C07FB5}.Release|Mixed Platforms.Build.0 = Release|Any CPU
		{ECAA4A47-F98D-4BA1-83BA-AA5172C07FB5}.Release|x86.ActiveCfg = Release|Any CPU
		{9978BCD0-840A-4BC0-936C-B6BE508F7338}.Debug|Any CPU.ActiveCfg = Debug|Any CPU
		{9978BCD0-840A-4BC0-936C-B6BE508F7338}.Debug|Any CPU.Build.0 = Debug|Any CPU
		{9978BCD0-840A-4BC0-936C-B6BE508F7338}.Debug|Mixed Platforms.ActiveCfg = Debug|Any CPU
		{9978BCD0-840A-4BC0-936C-B6BE508F7338}.Debug|Mixed Platforms.Build.0 = Debug|Any CPU
		{9978BCD0-840A-4BC0-936C-B6BE508F7338}.Debug|x86.ActiveCfg = Debug|Any CPU
		{9978BCD0-840A-4BC0-936C-B6BE508F7338}.Release|Any CPU.ActiveCfg = Release|Any CPU
		{9978BCD0-840A-4BC0-936C-B6BE508F7338}.Release|Any CPU.Build.0 = Release|Any CPU
		{9978BCD0-840A-4BC0-936C-B6BE508F7338}.Release|Mixed Platforms.ActiveCfg = Release|Any CPU
		{9978BCD0-840A-4BC0-936C-B6BE508F7338}.Release|Mixed Platforms.Build.0 = Release|Any CPU
		{9978BCD0-840A-4BC0-936C-B6BE508F7338}.Release|x86.ActiveCfg = Release|Any CPU
		{3F58E67D-1C33-4670-9780-F9CA1F43E83F}.Debug|Any CPU.ActiveCfg = Debug|Any CPU
		{3F58E67D-1C33-4670-9780-F9CA1F43E83F}.Debug|Any CPU.Build.0 = Debug|Any CPU
		{3F58E67D-1C33-4670-9780-F9CA1F43E83F}.Debug|Mixed Platforms.ActiveCfg = Debug|Any CPU
		{3F58E67D-1C33-4670-9780-F9CA1F43E83F}.Debug|Mixed Platforms.Build.0 = Debug|Any CPU
		{3F58E67D-1C33-4670-9780-F9CA1F43E83F}.Debug|x86.ActiveCfg = Debug|Any CPU
		{3F58E67D-1C33-4670-9780-F9CA1F43E83F}.Release|Any CPU.ActiveCfg = Release|Any CPU
		{3F58E67D-1C33-4670-9780-F9CA1F43E83F}.Release|Any CPU.Build.0 = Release|Any CPU
		{3F58E67D-1C33-4670-9780-F9CA1F43E83F}.Release|Mixed Platforms.ActiveCfg = Release|Any CPU
		{3F58E67D-1C33-4670-9780-F9CA1F43E83F}.Release|Mixed Platforms.Build.0 = Release|Any CPU
		{3F58E67D-1C33-4670-9780-F9CA1F43E83F}.Release|x86.ActiveCfg = Release|Any CPU
		{F38B83AD-77EB-43D8-A076-43D68FE409BB}.Debug|Any CPU.ActiveCfg = Debug|Any CPU
		{F38B83AD-77EB-43D8-A076-43D68FE409BB}.Debug|Any CPU.Build.0 = Debug|Any CPU
		{F38B83AD-77EB-43D8-A076-43D68FE409BB}.Debug|Mixed Platforms.ActiveCfg = Debug|Any CPU
		{F38B83AD-77EB-43D8-A076-43D68FE409BB}.Debug|Mixed Platforms.Build.0 = Debug|Any CPU
		{F38B83AD-77EB-43D8-A076-43D68FE409BB}.Debug|x86.ActiveCfg = Debug|Any CPU
		{F38B83AD-77EB-43D8-A076-43D68FE409BB}.Release|Any CPU.ActiveCfg = Release|Any CPU
		{F38B83AD-77EB-43D8-A076-43D68FE409BB}.Release|Any CPU.Build.0 = Release|Any CPU
		{F38B83AD-77EB-43D8-A076-43D68FE409BB}.Release|Mixed Platforms.ActiveCfg = Release|Any CPU
		{F38B83AD-77EB-43D8-A076-43D68FE409BB}.Release|Mixed Platforms.Build.0 = Release|Any CPU
		{F38B83AD-77EB-43D8-A076-43D68FE409BB}.Release|x86.ActiveCfg = Release|Any CPU
		{3735A312-3F49-4565-A4EC-2A7A41D2086E}.Debug|Any CPU.ActiveCfg = Debug|Any CPU
		{3735A312-3F49-4565-A4EC-2A7A41D2086E}.Debug|Any CPU.Build.0 = Debug|Any CPU
		{3735A312-3F49-4565-A4EC-2A7A41D2086E}.Debug|Mixed Platforms.ActiveCfg = Debug|Any CPU
		{3735A312-3F49-4565-A4EC-2A7A41D2086E}.Debug|Mixed Platforms.Build.0 = Debug|Any CPU
		{3735A312-3F49-4565-A4EC-2A7A41D2086E}.Debug|x86.ActiveCfg = Debug|Any CPU
		{3735A312-3F49-4565-A4EC-2A7A41D2086E}.Release|Any CPU.ActiveCfg = Release|Any CPU
		{3735A312-3F49-4565-A4EC-2A7A41D2086E}.Release|Any CPU.Build.0 = Release|Any CPU
		{3735A312-3F49-4565-A4EC-2A7A41D2086E}.Release|Mixed Platforms.ActiveCfg = Release|Any CPU
		{3735A312-3F49-4565-A4EC-2A7A41D2086E}.Release|Mixed Platforms.Build.0 = Release|Any CPU
		{3735A312-3F49-4565-A4EC-2A7A41D2086E}.Release|x86.ActiveCfg = Release|Any CPU
		{BFF0CA23-1DD2-431B-BFD0-DD2D492B575F}.Debug|Any CPU.ActiveCfg = Debug|Any CPU
		{BFF0CA23-1DD2-431B-BFD0-DD2D492B575F}.Debug|Any CPU.Build.0 = Debug|Any CPU
		{BFF0CA23-1DD2-431B-BFD0-DD2D492B575F}.Debug|Mixed Platforms.ActiveCfg = Debug|Any CPU
		{BFF0CA23-1DD2-431B-BFD0-DD2D492B575F}.Debug|Mixed Platforms.Build.0 = Debug|Any CPU
		{BFF0CA23-1DD2-431B-BFD0-DD2D492B575F}.Debug|x86.ActiveCfg = Debug|Any CPU
		{BFF0CA23-1DD2-431B-BFD0-DD2D492B575F}.Release|Any CPU.ActiveCfg = Release|Any CPU
		{BFF0CA23-1DD2-431B-BFD0-DD2D492B575F}.Release|Any CPU.Build.0 = Release|Any CPU
		{BFF0CA23-1DD2-431B-BFD0-DD2D492B575F}.Release|Mixed Platforms.ActiveCfg = Release|Any CPU
		{BFF0CA23-1DD2-431B-BFD0-DD2D492B575F}.Release|Mixed Platforms.Build.0 = Release|Any CPU
		{BFF0CA23-1DD2-431B-BFD0-DD2D492B575F}.Release|x86.ActiveCfg = Release|Any CPU
		{AACD8BA6-46CF-4985-83F4-2ABAE881DC0C}.Debug|Any CPU.ActiveCfg = Debug|x86
		{AACD8BA6-46CF-4985-83F4-2ABAE881DC0C}.Debug|Mixed Platforms.ActiveCfg = Debug|x86
		{AACD8BA6-46CF-4985-83F4-2ABAE881DC0C}.Debug|Mixed Platforms.Build.0 = Debug|x86
		{AACD8BA6-46CF-4985-83F4-2ABAE881DC0C}.Debug|x86.ActiveCfg = Debug|x86
		{AACD8BA6-46CF-4985-83F4-2ABAE881DC0C}.Debug|x86.Build.0 = Debug|x86
		{AACD8BA6-46CF-4985-83F4-2ABAE881DC0C}.Release|Any CPU.ActiveCfg = Release|x86
		{AACD8BA6-46CF-4985-83F4-2ABAE881DC0C}.Release|Mixed Platforms.ActiveCfg = Release|x86
		{AACD8BA6-46CF-4985-83F4-2ABAE881DC0C}.Release|Mixed Platforms.Build.0 = Release|x86
		{AACD8BA6-46CF-4985-83F4-2ABAE881DC0C}.Release|x86.ActiveCfg = Release|x86
		{AACD8BA6-46CF-4985-83F4-2ABAE881DC0C}.Release|x86.Build.0 = Release|x86
	EndGlobalSection
	GlobalSection(SolutionProperties) = preSolution
		HideSolutionNode = FALSE
	EndGlobalSection
	GlobalSection(NestedProjects) = preSolution
		{9978BCD0-840A-4BC0-936C-B6BE508F7338} = {C2D6C6B7-7471-4F56-AB46-ADC276AD6559}
	EndGlobalSection
EndGlobal
