
Microsoft Visual Studio Solution File, Format Version 12.00
# Visual Studio 15
VisualStudioVersion = 15.0.26228.4
MinimumVisualStudioVersion = 10.0.40219.1
Project("{2150E333-8FDC-42A3-9474-1A3956D46DE8}") = ".nuget", ".nuget", "{64A266F1-8387-4B9D-B594-FB6E84F1510A}"
	ProjectSection(SolutionItems) = preProject
		.nuget\NuGet.Config = .nuget\NuGet.Config
		.nuget\NuGet.exe = .nuget\NuGet.exe
		.nuget\NuGet.targets = .nuget\NuGet.targets
	EndProjectSection
EndProject
Project("{2150E333-8FDC-42A3-9474-1A3956D46DE8}") = "Misc stuff", "Misc stuff", "{DDB064E1-9601-4ACB-A573-D4DD018018E8}"
	ProjectSection(SolutionItems) = preProject
		.editorconfig = .editorconfig
		.gitignore = .gitignore
		deploy.bat = deploy.bat
		README.md = README.md
		schema.sql = schema.sql
	EndProjectSection
EndProject
Project("{2150E333-8FDC-42A3-9474-1A3956D46DE8}") = "Tests", "Tests", "{C2D6C6B7-7471-4F56-AB46-ADC276AD6559}"
EndProject
Project("{9A19103F-16F7-4668-BE54-9A1E7A4F7556}") = "Daniel15.Web", "Daniel15.Web\Daniel15.Web.csproj", "{EAA7CE98-D5E7-45D8-9BC8-ADD2FF2B4977}"
EndProject
Project("{9A19103F-16F7-4668-BE54-9A1E7A4F7556}") = "Daniel15.Shared", "Daniel15.Shared\Daniel15.Shared.csproj", "{32ED6238-C8E5-4FAE-9BE7-91F669A4F41A}"
EndProject
Project("{9A19103F-16F7-4668-BE54-9A1E7A4F7556}") = "Daniel15.BusinessLayer", "Daniel15.BusinessLayer\Daniel15.BusinessLayer.csproj", "{E34F243D-4B70-4D73-A0E1-91FFDDC19340}"
EndProject
Project("{9A19103F-16F7-4668-BE54-9A1E7A4F7556}") = "Daniel15.Infrastructure", "Daniel15.Infrastructure\Daniel15.Infrastructure.csproj", "{0326166B-11D5-4BF1-AF06-F943E59CB6DC}"
EndProject
Project("{9A19103F-16F7-4668-BE54-9A1E7A4F7556}") = "Daniel15.Data", "Daniel15.Data\Daniel15.Data.csproj", "{8A499FF8-4DB1-458C-BFD5-2D1E4822760D}"
EndProject
Project("{FAE04EC0-301F-11D3-BF4B-00C04F79EFBC}") = "Daniel15.Cron", "Daniel15.Cron\Daniel15.Cron.csproj", "{7E30DB7D-56D1-47B6-95C7-D032C5300936}"
EndProject
Global
	GlobalSection(SolutionConfigurationPlatforms) = preSolution
		Debug|Any CPU = Debug|Any CPU
		Debug|Mixed Platforms = Debug|Mixed Platforms
		Debug|x86 = Debug|x86
		Release|Any CPU = Release|Any CPU
		Release|Mixed Platforms = Release|Mixed Platforms
		Release|x86 = Release|x86
	EndGlobalSection
	GlobalSection(ProjectConfigurationPlatforms) = postSolution
		{EAA7CE98-D5E7-45D8-9BC8-ADD2FF2B4977}.Debug|Any CPU.ActiveCfg = Debug|Any CPU
		{EAA7CE98-D5E7-45D8-9BC8-ADD2FF2B4977}.Debug|Any CPU.Build.0 = Debug|Any CPU
		{EAA7CE98-D5E7-45D8-9BC8-ADD2FF2B4977}.Debug|Mixed Platforms.ActiveCfg = Debug|Any CPU
		{EAA7CE98-D5E7-45D8-9BC8-ADD2FF2B4977}.Debug|Mixed Platforms.Build.0 = Debug|Any CPU
		{EAA7CE98-D5E7-45D8-9BC8-ADD2FF2B4977}.Debug|x86.ActiveCfg = Debug|Any CPU
		{EAA7CE98-D5E7-45D8-9BC8-ADD2FF2B4977}.Debug|x86.Build.0 = Debug|Any CPU
		{EAA7CE98-D5E7-45D8-9BC8-ADD2FF2B4977}.Release|Any CPU.ActiveCfg = Release|Any CPU
		{EAA7CE98-D5E7-45D8-9BC8-ADD2FF2B4977}.Release|Any CPU.Build.0 = Release|Any CPU
		{EAA7CE98-D5E7-45D8-9BC8-ADD2FF2B4977}.Release|Mixed Platforms.ActiveCfg = Release|Any CPU
		{EAA7CE98-D5E7-45D8-9BC8-ADD2FF2B4977}.Release|Mixed Platforms.Build.0 = Release|Any CPU
		{EAA7CE98-D5E7-45D8-9BC8-ADD2FF2B4977}.Release|x86.ActiveCfg = Release|Any CPU
		{EAA7CE98-D5E7-45D8-9BC8-ADD2FF2B4977}.Release|x86.Build.0 = Release|Any CPU
		{32ED6238-C8E5-4FAE-9BE7-91F669A4F41A}.Debug|Any CPU.ActiveCfg = Debug|Any CPU
		{32ED6238-C8E5-4FAE-9BE7-91F669A4F41A}.Debug|Any CPU.Build.0 = Debug|Any CPU
		{32ED6238-C8E5-4FAE-9BE7-91F669A4F41A}.Debug|Mixed Platforms.ActiveCfg = Debug|Any CPU
		{32ED6238-C8E5-4FAE-9BE7-91F669A4F41A}.Debug|Mixed Platforms.Build.0 = Debug|Any CPU
		{32ED6238-C8E5-4FAE-9BE7-91F669A4F41A}.Debug|x86.ActiveCfg = Debug|Any CPU
		{32ED6238-C8E5-4FAE-9BE7-91F669A4F41A}.Debug|x86.Build.0 = Debug|Any CPU
		{32ED6238-C8E5-4FAE-9BE7-91F669A4F41A}.Release|Any CPU.ActiveCfg = Release|Any CPU
		{32ED6238-C8E5-4FAE-9BE7-91F669A4F41A}.Release|Any CPU.Build.0 = Release|Any CPU
		{32ED6238-C8E5-4FAE-9BE7-91F669A4F41A}.Release|Mixed Platforms.ActiveCfg = Release|Any CPU
		{32ED6238-C8E5-4FAE-9BE7-91F669A4F41A}.Release|Mixed Platforms.Build.0 = Release|Any CPU
		{32ED6238-C8E5-4FAE-9BE7-91F669A4F41A}.Release|x86.ActiveCfg = Release|Any CPU
		{32ED6238-C8E5-4FAE-9BE7-91F669A4F41A}.Release|x86.Build.0 = Release|Any CPU
		{E34F243D-4B70-4D73-A0E1-91FFDDC19340}.Debug|Any CPU.ActiveCfg = Debug|Any CPU
		{E34F243D-4B70-4D73-A0E1-91FFDDC19340}.Debug|Any CPU.Build.0 = Debug|Any CPU
		{E34F243D-4B70-4D73-A0E1-91FFDDC19340}.Debug|Mixed Platforms.ActiveCfg = Debug|Any CPU
		{E34F243D-4B70-4D73-A0E1-91FFDDC19340}.Debug|Mixed Platforms.Build.0 = Debug|Any CPU
		{E34F243D-4B70-4D73-A0E1-91FFDDC19340}.Debug|x86.ActiveCfg = Debug|Any CPU
		{E34F243D-4B70-4D73-A0E1-91FFDDC19340}.Debug|x86.Build.0 = Debug|Any CPU
		{E34F243D-4B70-4D73-A0E1-91FFDDC19340}.Release|Any CPU.ActiveCfg = Release|Any CPU
		{E34F243D-4B70-4D73-A0E1-91FFDDC19340}.Release|Any CPU.Build.0 = Release|Any CPU
		{E34F243D-4B70-4D73-A0E1-91FFDDC19340}.Release|Mixed Platforms.ActiveCfg = Release|Any CPU
		{E34F243D-4B70-4D73-A0E1-91FFDDC19340}.Release|Mixed Platforms.Build.0 = Release|Any CPU
		{E34F243D-4B70-4D73-A0E1-91FFDDC19340}.Release|x86.ActiveCfg = Release|Any CPU
		{E34F243D-4B70-4D73-A0E1-91FFDDC19340}.Release|x86.Build.0 = Release|Any CPU
		{0326166B-11D5-4BF1-AF06-F943E59CB6DC}.Debug|Any CPU.ActiveCfg = Debug|Any CPU
		{0326166B-11D5-4BF1-AF06-F943E59CB6DC}.Debug|Any CPU.Build.0 = Debug|Any CPU
		{0326166B-11D5-4BF1-AF06-F943E59CB6DC}.Debug|Mixed Platforms.ActiveCfg = Debug|Any CPU
		{0326166B-11D5-4BF1-AF06-F943E59CB6DC}.Debug|Mixed Platforms.Build.0 = Debug|Any CPU
		{0326166B-11D5-4BF1-AF06-F943E59CB6DC}.Debug|x86.ActiveCfg = Debug|Any CPU
		{0326166B-11D5-4BF1-AF06-F943E59CB6DC}.Debug|x86.Build.0 = Debug|Any CPU
		{0326166B-11D5-4BF1-AF06-F943E59CB6DC}.Release|Any CPU.ActiveCfg = Release|Any CPU
		{0326166B-11D5-4BF1-AF06-F943E59CB6DC}.Release|Any CPU.Build.0 = Release|Any CPU
		{0326166B-11D5-4BF1-AF06-F943E59CB6DC}.Release|Mixed Platforms.ActiveCfg = Release|Any CPU
		{0326166B-11D5-4BF1-AF06-F943E59CB6DC}.Release|Mixed Platforms.Build.0 = Release|Any CPU
		{0326166B-11D5-4BF1-AF06-F943E59CB6DC}.Release|x86.ActiveCfg = Release|Any CPU
		{0326166B-11D5-4BF1-AF06-F943E59CB6DC}.Release|x86.Build.0 = Release|Any CPU
		{8A499FF8-4DB1-458C-BFD5-2D1E4822760D}.Debug|Any CPU.ActiveCfg = Debug|Any CPU
		{8A499FF8-4DB1-458C-BFD5-2D1E4822760D}.Debug|Any CPU.Build.0 = Debug|Any CPU
		{8A499FF8-4DB1-458C-BFD5-2D1E4822760D}.Debug|Mixed Platforms.ActiveCfg = Debug|Any CPU
		{8A499FF8-4DB1-458C-BFD5-2D1E4822760D}.Debug|Mixed Platforms.Build.0 = Debug|Any CPU
		{8A499FF8-4DB1-458C-BFD5-2D1E4822760D}.Debug|x86.ActiveCfg = Debug|Any CPU
		{8A499FF8-4DB1-458C-BFD5-2D1E4822760D}.Debug|x86.Build.0 = Debug|Any CPU
		{8A499FF8-4DB1-458C-BFD5-2D1E4822760D}.Release|Any CPU.ActiveCfg = Release|Any CPU
		{8A499FF8-4DB1-458C-BFD5-2D1E4822760D}.Release|Any CPU.Build.0 = Release|Any CPU
		{8A499FF8-4DB1-458C-BFD5-2D1E4822760D}.Release|Mixed Platforms.ActiveCfg = Release|Any CPU
		{8A499FF8-4DB1-458C-BFD5-2D1E4822760D}.Release|Mixed Platforms.Build.0 = Release|Any CPU
		{8A499FF8-4DB1-458C-BFD5-2D1E4822760D}.Release|x86.ActiveCfg = Release|Any CPU
		{8A499FF8-4DB1-458C-BFD5-2D1E4822760D}.Release|x86.Build.0 = Release|Any CPU
		{7E30DB7D-56D1-47B6-95C7-D032C5300936}.Debug|Any CPU.ActiveCfg = Debug|Any CPU
		{7E30DB7D-56D1-47B6-95C7-D032C5300936}.Debug|Any CPU.Build.0 = Debug|Any CPU
		{7E30DB7D-56D1-47B6-95C7-D032C5300936}.Debug|Mixed Platforms.ActiveCfg = Debug|Any CPU
		{7E30DB7D-56D1-47B6-95C7-D032C5300936}.Debug|Mixed Platforms.Build.0 = Debug|Any CPU
		{7E30DB7D-56D1-47B6-95C7-D032C5300936}.Debug|x86.ActiveCfg = Debug|Any CPU
		{7E30DB7D-56D1-47B6-95C7-D032C5300936}.Debug|x86.Build.0 = Debug|Any CPU
		{7E30DB7D-56D1-47B6-95C7-D032C5300936}.Release|Any CPU.ActiveCfg = Release|Any CPU
		{7E30DB7D-56D1-47B6-95C7-D032C5300936}.Release|Any CPU.Build.0 = Release|Any CPU
		{7E30DB7D-56D1-47B6-95C7-D032C5300936}.Release|Mixed Platforms.ActiveCfg = Release|Any CPU
		{7E30DB7D-56D1-47B6-95C7-D032C5300936}.Release|Mixed Platforms.Build.0 = Release|Any CPU
		{7E30DB7D-56D1-47B6-95C7-D032C5300936}.Release|x86.ActiveCfg = Release|Any CPU
		{7E30DB7D-56D1-47B6-95C7-D032C5300936}.Release|x86.Build.0 = Release|Any CPU
	EndGlobalSection
	GlobalSection(SolutionProperties) = preSolution
		HideSolutionNode = FALSE
	EndGlobalSection
EndGlobal
